
Microsoft Visual Studio Solution File, Format Version 12.00
# Visual Studio Version 17
VisualStudioVersion = 17.5.33414.496
MinimumVisualStudioVersion = 10.0.40219.1
Project("{FAE04EC0-301F-11D3-BF4B-00C04F79EFBC}") = "AwesomePlaces.Api", "AwesomePlaces.Api\AwesomePlaces.Api.csproj", "{BDF544C1-6635-4363-A092-51D8B8BF8DE9}"
EndProject
Project("{FAE04EC0-301F-11D3-BF4B-00C04F79EFBC}") = "AwesomePlaces.Core", "AwesomePlaces.Core\AwesomePlaces.Core.csproj", "{8E5C306F-3546-49B4-BA3A-C57AE1DE919A}"
EndProject
Project("{FAE04EC0-301F-11D3-BF4B-00C04F79EFBC}") = "AwesomePlaces.Infrastructure", "AwesomePlaces.Infrastructure\AwesomePlaces.Infrastructure.csproj", "{9DA07D5E-41BD-408A-AE37-52815E83ABB4}"
EndProject
Project("{FAE04EC0-301F-11D3-BF4B-00C04F79EFBC}") = "AwesomePlaces.Application", "AwesomePlaces.Application\AwesomePlaces.Application.csproj", "{90698FC4-CE11-489E-BA7C-C13B9AA56F48}"
EndProject
Global
	GlobalSection(SolutionConfigurationPlatforms) = preSolution
		Debug|Any CPU = Debug|Any CPU
		Release|Any CPU = Release|Any CPU
	EndGlobalSection
	GlobalSection(ProjectConfigurationPlatforms) = postSolution
		{BDF544C1-6635-4363-A092-51D8B8BF8DE9}.Debug|Any CPU.ActiveCfg = Debug|Any CPU
		{BDF544C1-6635-4363-A092-51D8B8BF8DE9}.Debug|Any CPU.Build.0 = Debug|Any CPU
		{BDF544C1-6635-4363-A092-51D8B8BF8DE9}.Release|Any CPU.ActiveCfg = Release|Any CPU
		{BDF544C1-6635-4363-A092-51D8B8BF8DE9}.Release|Any CPU.Build.0 = Release|Any CPU
		{8E5C306F-3546-49B4-BA3A-C57AE1DE919A}.Debug|Any CPU.ActiveCfg = Debug|Any CPU
		{8E5C306F-3546-49B4-BA3A-C57AE1DE919A}.Debug|Any CPU.Build.0 = Debug|Any CPU
		{8E5C306F-3546-49B4-BA3A-C57AE1DE919A}.Release|Any CPU.ActiveCfg = Release|Any CPU
		{8E5C306F-3546-49B4-BA3A-C57AE1DE919A}.Release|Any CPU.Build.0 = Release|Any CPU
		{9DA07D5E-41BD-408A-AE37-52815E83ABB4}.Debug|Any CPU.ActiveCfg = Debug|Any CPU
		{9DA07D5E-41BD-408A-AE37-52815E83ABB4}.Debug|Any CPU.Build.0 = Debug|Any CPU
		{9DA07D5E-41BD-408A-AE37-52815E83ABB4}.Release|Any CPU.ActiveCfg = Release|Any CPU
		{9DA07D5E-41BD-408A-AE37-52815E83ABB4}.Release|Any CPU.Build.0 = Release|Any CPU
		{90698FC4-CE11-489E-BA7C-C13B9AA56F48}.Debug|Any CPU.ActiveCfg = Debug|Any CPU
		{90698FC4-CE11-489E-BA7C-C13B9AA56F48}.Debug|Any CPU.Build.0 = Debug|Any CPU
		{90698FC4-CE11-489E-BA7C-C13B9AA56F48}.Release|Any CPU.ActiveCfg = Release|Any CPU
		{90698FC4-CE11-489E-BA7C-C13B9AA56F48}.Release|Any CPU.Build.0 = Release|Any CPU
	EndGlobalSection
	GlobalSection(SolutionProperties) = preSolution
		HideSolutionNode = FALSE
	EndGlobalSection
	GlobalSection(ExtensibilityGlobals) = postSolution
		SolutionGuid = {0B35CD29-3DD1-430F-B22A-E391C3FD8AE6}
	EndGlobalSection
EndGlobal
